
Microsoft Visual Studio Solution File, Format Version 12.00
# Visual Studio Version 16
VisualStudioVersion = 16.0.29609.76
MinimumVisualStudioVersion = 10.0.40219.1
Project("{FAE04EC0-301F-11D3-BF4B-00C04F79EFBC}") = "WEBvize", "WEBvize\WEBvize.csproj", "{EAF42EE2-FD0D-4C60-BD14-99357C4731A5}"
EndProject
Global
	GlobalSection(SolutionConfigurationPlatforms) = preSolution
		Debug|Any CPU = Debug|Any CPU
		Release|Any CPU = Release|Any CPU
	EndGlobalSection
	GlobalSection(ProjectConfigurationPlatforms) = postSolution
		{EAF42EE2-FD0D-4C60-BD14-99357C4731A5}.Debug|Any CPU.ActiveCfg = Debug|Any CPU
		{EAF42EE2-FD0D-4C60-BD14-99357C4731A5}.Debug|Any CPU.Build.0 = Debug|Any CPU
		{EAF42EE2-FD0D-4C60-BD14-99357C4731A5}.Release|Any CPU.ActiveCfg = Release|Any CPU
		{EAF42EE2-FD0D-4C60-BD14-99357C4731A5}.Release|Any CPU.Build.0 = Release|Any CPU
	EndGlobalSection
	GlobalSection(SolutionProperties) = preSolution
		HideSolutionNode = FALSE
	EndGlobalSection
	GlobalSection(ExtensibilityGlobals) = postSolution
		SolutionGuid = {3AE20244-0131-41FB-8B54-5B12C80345D6}
	EndGlobalSection
EndGlobal
